
Microsoft Visual Studio Solution File, Format Version 12.00
# Visual Studio 14
VisualStudioVersion = 14.0.25420.1
MinimumVisualStudioVersion = 10.0.40219.1
Project("{FAE04EC0-301F-11D3-BF4B-00C04F79EFBC}") = "DotNet.Core", "DotNet.Core\DotNet.Core.csproj", "{FF85FB3D-1130-41FF-B235-3195ECF470D0}"
EndProject
Project("{FAE04EC0-301F-11D3-BF4B-00C04F79EFBC}") = "DotNet.Repository", "DotNet.Repository\DotNet.Repository.csproj", "{909D1175-F440-4AB7-9944-898F9778E415}"
EndProject
Project("{2150E333-8FDC-42A3-9474-1A3956D46DE8}") = "DotNet.MyProject", "DotNet.MyProject", "{1830E460-C0C8-4252-A4E6-7307B9F08B03}"
EndProject
Project("{2150E333-8FDC-42A3-9474-1A3956D46DE8}") = "DotNet.Base", "DotNet.Base", "{F828554E-2D57-4F0A-9F4B-8AAE06FF96D3}"
EndProject
Project("{FAE04EC0-301F-11D3-BF4B-00C04F79EFBC}") = "DotNet.MyProject.Entity", "DotNet.MyProject.Entity\DotNet.MyProject.Entity.csproj", "{2B57863B-7460-4D00-AF22-E731B80A4D12}"
EndProject
Project("{FAE04EC0-301F-11D3-BF4B-00C04F79EFBC}") = "DotNet.MyProject.Repository", "DotNet.MyProject.Repository\DotNet.MyProject.Repository.csproj", "{104DD91B-CE8B-45B1-B3FF-971345DEFB2E}"
EndProject
Project("{FAE04EC0-301F-11D3-BF4B-00C04F79EFBC}") = "DotNet.MyProject.Service", "DotNet.MyProject.Service\DotNet.MyProject.Service.csproj", "{327D16D1-BB8A-4F91-8AF9-A4D735D2A590}"
EndProject
Project("{FAE04EC0-301F-11D3-BF4B-00C04F79EFBC}") = "DotNet.MyProject.Api", "DotNet.MyProject.Api\DotNet.MyProject.Api.csproj", "{3B9C47FA-31C8-45E2-95D5-6D1D189399FE}"
EndProject
Project("{FAE04EC0-301F-11D3-BF4B-00C04F79EFBC}") = "DotNet.Entity", "DotNet.Entity\DotNet.Entity.csproj", "{24F843E9-A33D-4462-ADD2-413F9D0CF7E2}"
EndProject
Project("{FAE04EC0-301F-11D3-BF4B-00C04F79EFBC}") = "DotNet.Service", "DotNet.Service\DotNet.Service.csproj", "{2AB7FC38-37E1-4DE8-A822-996C865B0D6D}"
EndProject
Global
	GlobalSection(SolutionConfigurationPlatforms) = preSolution
		Debug|Any CPU = Debug|Any CPU
		Release|Any CPU = Release|Any CPU
		Stage|Any CPU = Stage|Any CPU
		Test|Any CPU = Test|Any CPU
	EndGlobalSection
	GlobalSection(ProjectConfigurationPlatforms) = postSolution
		{FF85FB3D-1130-41FF-B235-3195ECF470D0}.Debug|Any CPU.ActiveCfg = Debug|Any CPU
		{FF85FB3D-1130-41FF-B235-3195ECF470D0}.Debug|Any CPU.Build.0 = Debug|Any CPU
		{FF85FB3D-1130-41FF-B235-3195ECF470D0}.Release|Any CPU.ActiveCfg = Release|Any CPU
		{FF85FB3D-1130-41FF-B235-3195ECF470D0}.Release|Any CPU.Build.0 = Release|Any CPU
		{FF85FB3D-1130-41FF-B235-3195ECF470D0}.Stage|Any CPU.ActiveCfg = Stage|Any CPU
		{FF85FB3D-1130-41FF-B235-3195ECF470D0}.Stage|Any CPU.Build.0 = Stage|Any CPU
		{FF85FB3D-1130-41FF-B235-3195ECF470D0}.Test|Any CPU.ActiveCfg = Test|Any CPU
		{FF85FB3D-1130-41FF-B235-3195ECF470D0}.Test|Any CPU.Build.0 = Test|Any CPU
		{909D1175-F440-4AB7-9944-898F9778E415}.Debug|Any CPU.ActiveCfg = Debug|Any CPU
		{909D1175-F440-4AB7-9944-898F9778E415}.Debug|Any CPU.Build.0 = Debug|Any CPU
		{909D1175-F440-4AB7-9944-898F9778E415}.Release|Any CPU.ActiveCfg = Release|Any CPU
		{909D1175-F440-4AB7-9944-898F9778E415}.Release|Any CPU.Build.0 = Release|Any CPU
		{909D1175-F440-4AB7-9944-898F9778E415}.Stage|Any CPU.ActiveCfg = Stage|Any CPU
		{909D1175-F440-4AB7-9944-898F9778E415}.Stage|Any CPU.Build.0 = Stage|Any CPU
		{909D1175-F440-4AB7-9944-898F9778E415}.Test|Any CPU.ActiveCfg = Test|Any CPU
		{909D1175-F440-4AB7-9944-898F9778E415}.Test|Any CPU.Build.0 = Test|Any CPU
		{2B57863B-7460-4D00-AF22-E731B80A4D12}.Debug|Any CPU.ActiveCfg = Debug|Any CPU
		{2B57863B-7460-4D00-AF22-E731B80A4D12}.Debug|Any CPU.Build.0 = Debug|Any CPU
		{2B57863B-7460-4D00-AF22-E731B80A4D12}.Release|Any CPU.ActiveCfg = Release|Any CPU
		{2B57863B-7460-4D00-AF22-E731B80A4D12}.Release|Any CPU.Build.0 = Release|Any CPU
		{2B57863B-7460-4D00-AF22-E731B80A4D12}.Stage|Any CPU.ActiveCfg = Release|Any CPU
		{2B57863B-7460-4D00-AF22-E731B80A4D12}.Stage|Any CPU.Build.0 = Release|Any CPU
		{2B57863B-7460-4D00-AF22-E731B80A4D12}.Test|Any CPU.ActiveCfg = Release|Any CPU
		{2B57863B-7460-4D00-AF22-E731B80A4D12}.Test|Any CPU.Build.0 = Release|Any CPU
		{104DD91B-CE8B-45B1-B3FF-971345DEFB2E}.Debug|Any CPU.ActiveCfg = Debug|Any CPU
		{104DD91B-CE8B-45B1-B3FF-971345DEFB2E}.Debug|Any CPU.Build.0 = Debug|Any CPU
		{104DD91B-CE8B-45B1-B3FF-971345DEFB2E}.Release|Any CPU.ActiveCfg = Release|Any CPU
		{104DD91B-CE8B-45B1-B3FF-971345DEFB2E}.Release|Any CPU.Build.0 = Release|Any CPU
		{104DD91B-CE8B-45B1-B3FF-971345DEFB2E}.Stage|Any CPU.ActiveCfg = Release|Any CPU
		{104DD91B-CE8B-45B1-B3FF-971345DEFB2E}.Stage|Any CPU.Build.0 = Release|Any CPU
		{104DD91B-CE8B-45B1-B3FF-971345DEFB2E}.Test|Any CPU.ActiveCfg = Release|Any CPU
		{104DD91B-CE8B-45B1-B3FF-971345DEFB2E}.Test|Any CPU.Build.0 = Release|Any CPU
		{327D16D1-BB8A-4F91-8AF9-A4D735D2A590}.Debug|Any CPU.ActiveCfg = Debug|Any CPU
		{327D16D1-BB8A-4F91-8AF9-A4D735D2A590}.Debug|Any CPU.Build.0 = Debug|Any CPU
		{327D16D1-BB8A-4F91-8AF9-A4D735D2A590}.Release|Any CPU.ActiveCfg = Release|Any CPU
		{327D16D1-BB8A-4F91-8AF9-A4D735D2A590}.Release|Any CPU.Build.0 = Release|Any CPU
		{327D16D1-BB8A-4F91-8AF9-A4D735D2A590}.Stage|Any CPU.ActiveCfg = Release|Any CPU
		{327D16D1-BB8A-4F91-8AF9-A4D735D2A590}.Stage|Any CPU.Build.0 = Release|Any CPU
		{327D16D1-BB8A-4F91-8AF9-A4D735D2A590}.Test|Any CPU.ActiveCfg = Release|Any CPU
		{327D16D1-BB8A-4F91-8AF9-A4D735D2A590}.Test|Any CPU.Build.0 = Release|Any CPU
		{3B9C47FA-31C8-45E2-95D5-6D1D189399FE}.Debug|Any CPU.ActiveCfg = Debug|Any CPU
		{3B9C47FA-31C8-45E2-95D5-6D1D189399FE}.Debug|Any CPU.Build.0 = Debug|Any CPU
		{3B9C47FA-31C8-45E2-95D5-6D1D189399FE}.Release|Any CPU.ActiveCfg = Release|Any CPU
		{3B9C47FA-31C8-45E2-95D5-6D1D189399FE}.Release|Any CPU.Build.0 = Release|Any CPU
		{3B9C47FA-31C8-45E2-95D5-6D1D189399FE}.Stage|Any CPU.ActiveCfg = Release|Any CPU
		{3B9C47FA-31C8-45E2-95D5-6D1D189399FE}.Stage|Any CPU.Build.0 = Release|Any CPU
		{3B9C47FA-31C8-45E2-95D5-6D1D189399FE}.Test|Any CPU.ActiveCfg = Release|Any CPU
		{3B9C47FA-31C8-45E2-95D5-6D1D189399FE}.Test|Any CPU.Build.0 = Release|Any CPU
		{24F843E9-A33D-4462-ADD2-413F9D0CF7E2}.Debug|Any CPU.ActiveCfg = Debug|Any CPU
		{24F843E9-A33D-4462-ADD2-413F9D0CF7E2}.Debug|Any CPU.Build.0 = Debug|Any CPU
		{24F843E9-A33D-4462-ADD2-413F9D0CF7E2}.Release|Any CPU.ActiveCfg = Release|Any CPU
		{24F843E9-A33D-4462-ADD2-413F9D0CF7E2}.Release|Any CPU.Build.0 = Release|Any CPU
		{24F843E9-A33D-4462-ADD2-413F9D0CF7E2}.Stage|Any CPU.ActiveCfg = Release|Any CPU
		{24F843E9-A33D-4462-ADD2-413F9D0CF7E2}.Stage|Any CPU.Build.0 = Release|Any CPU
		{24F843E9-A33D-4462-ADD2-413F9D0CF7E2}.Test|Any CPU.ActiveCfg = Release|Any CPU
		{24F843E9-A33D-4462-ADD2-413F9D0CF7E2}.Test|Any CPU.Build.0 = Release|Any CPU
		{2AB7FC38-37E1-4DE8-A822-996C865B0D6D}.Debug|Any CPU.ActiveCfg = Debug|Any CPU
		{2AB7FC38-37E1-4DE8-A822-996C865B0D6D}.Debug|Any CPU.Build.0 = Debug|Any CPU
		{2AB7FC38-37E1-4DE8-A822-996C865B0D6D}.Release|Any CPU.ActiveCfg = Release|Any CPU
		{2AB7FC38-37E1-4DE8-A822-996C865B0D6D}.Release|Any CPU.Build.0 = Release|Any CPU
		{2AB7FC38-37E1-4DE8-A822-996C865B0D6D}.Stage|Any CPU.ActiveCfg = Release|Any CPU
		{2AB7FC38-37E1-4DE8-A822-996C865B0D6D}.Stage|Any CPU.Build.0 = Release|Any CPU
		{2AB7FC38-37E1-4DE8-A822-996C865B0D6D}.Test|Any CPU.ActiveCfg = Release|Any CPU
		{2AB7FC38-37E1-4DE8-A822-996C865B0D6D}.Test|Any CPU.Build.0 = Release|Any CPU
	EndGlobalSection
	GlobalSection(SolutionProperties) = preSolution
		HideSolutionNode = FALSE
	EndGlobalSection
	GlobalSection(NestedProjects) = preSolution
		{FF85FB3D-1130-41FF-B235-3195ECF470D0} = {F828554E-2D57-4F0A-9F4B-8AAE06FF96D3}
		{909D1175-F440-4AB7-9944-898F9778E415} = {F828554E-2D57-4F0A-9F4B-8AAE06FF96D3}
		{2B57863B-7460-4D00-AF22-E731B80A4D12} = {1830E460-C0C8-4252-A4E6-7307B9F08B03}
		{104DD91B-CE8B-45B1-B3FF-971345DEFB2E} = {1830E460-C0C8-4252-A4E6-7307B9F08B03}
		{327D16D1-BB8A-4F91-8AF9-A4D735D2A590} = {1830E460-C0C8-4252-A4E6-7307B9F08B03}
		{3B9C47FA-31C8-45E2-95D5-6D1D189399FE} = {1830E460-C0C8-4252-A4E6-7307B9F08B03}
		{24F843E9-A33D-4462-ADD2-413F9D0CF7E2} = {F828554E-2D57-4F0A-9F4B-8AAE06FF96D3}
		{2AB7FC38-37E1-4DE8-A822-996C865B0D6D} = {F828554E-2D57-4F0A-9F4B-8AAE06FF96D3}
	EndGlobalSection
EndGlobal
